
Microsoft Visual Studio Solution File, Format Version 12.00
# Visual Studio Version 16
VisualStudioVersion = 16.0.30011.22
MinimumVisualStudioVersion = 10.0.40219.1
Project("{FAE04EC0-301F-11D3-BF4B-00C04F79EFBC}") = "QuickBrake", "QuickBrake.csproj", "{436D7260-7924-4BFA-A7DE-D06633C02851}"
EndProject
Global
	GlobalSection(SolutionConfigurationPlatforms) = preSolution
		Debug|Any CPU = Debug|Any CPU
		Release|Any CPU = Release|Any CPU
	EndGlobalSection
	GlobalSection(ProjectConfigurationPlatforms) = postSolution
		{436D7260-7924-4BFA-A7DE-D06633C02851}.Debug|Any CPU.ActiveCfg = Debug|Any CPU
		{436D7260-7924-4BFA-A7DE-D06633C02851}.Debug|Any CPU.Build.0 = Debug|Any CPU
		{436D7260-7924-4BFA-A7DE-D06633C02851}.Release|Any CPU.ActiveCfg = Release|Any CPU
		{436D7260-7924-4BFA-A7DE-D06633C02851}.Release|Any CPU.Build.0 = Release|Any CPU
	EndGlobalSection
	GlobalSection(SolutionProperties) = preSolution
		HideSolutionNode = FALSE
	EndGlobalSection
	GlobalSection(ExtensibilityGlobals) = postSolution
		SolutionGuid = {F4B6E88D-3A49-4DA3-85F0-F2E8E1DD0D76}
	EndGlobalSection
EndGlobal
