
Microsoft Visual Studio Solution File, Format Version 12.00
# Visual Studio 15
VisualStudioVersion = 15.0.28307.438
MinimumVisualStudioVersion = 10.0.40219.1
Project("{FAE04EC0-301F-11D3-BF4B-00C04F79EFBC}") = "QuickBrake", "QuickBrake.csproj", "{B02209C5-5FF0-4CB6-9D80-948907D7BE86}"
EndProject
Global
	GlobalSection(SolutionConfigurationPlatforms) = preSolution
		Debug|Any CPU = Debug|Any CPU
		Debug|x64 = Debug|x64
		Release|Any CPU = Release|Any CPU
		Release|x64 = Release|x64
	EndGlobalSection
	GlobalSection(ProjectConfigurationPlatforms) = postSolution
		{B02209C5-5FF0-4CB6-9D80-948907D7BE86}.Debug|Any CPU.ActiveCfg = Debug|Any CPU
		{B02209C5-5FF0-4CB6-9D80-948907D7BE86}.Debug|Any CPU.Build.0 = Debug|Any CPU
		{B02209C5-5FF0-4CB6-9D80-948907D7BE86}.Debug|x64.ActiveCfg = Debug|x64
		{B02209C5-5FF0-4CB6-9D80-948907D7BE86}.Debug|x64.Build.0 = Debug|x64
		{B02209C5-5FF0-4CB6-9D80-948907D7BE86}.Release|Any CPU.ActiveCfg = Release|Any CPU
		{B02209C5-5FF0-4CB6-9D80-948907D7BE86}.Release|Any CPU.Build.0 = Release|Any CPU
		{B02209C5-5FF0-4CB6-9D80-948907D7BE86}.Release|x64.ActiveCfg = Release|x64
		{B02209C5-5FF0-4CB6-9D80-948907D7BE86}.Release|x64.Build.0 = Release|x64
	EndGlobalSection
	GlobalSection(SolutionProperties) = preSolution
		HideSolutionNode = FALSE
	EndGlobalSection
	GlobalSection(ExtensibilityGlobals) = postSolution
		SolutionGuid = {FFE39852-FD7B-4C71-B0DE-A68BF87CA670}
	EndGlobalSection
EndGlobal
